
Microsoft Visual Studio Solution File, Format Version 12.00
# Visual Studio Version 17
VisualStudioVersion = 17.9.34607.119
MinimumVisualStudioVersion = 10.0.40219.1
Project("{9A19103F-16F7-4668-BE54-9A1E7A4F7556}") = "Project2", "Project2\Project2.csproj", "{6B1584D9-EBD9-41F1-AA5C-D7E4B50E6A1C}"
EndProject
Project("{9A19103F-16F7-4668-BE54-9A1E7A4F7556}") = "Project2-Api", "Project2-Api\Project2-Api.csproj", "{8ACF6833-1175-4D10-88A7-4808F2FD8C07}"
EndProject
Project("{FAE04EC0-301F-11D3-BF4B-00C04F79EFBC}") = "Shared", "Shared\Shared.csproj", "{36ACAD67-289A-4D53-833F-004DBB1EAEDF}"
EndProject
Global
	GlobalSection(SolutionConfigurationPlatforms) = preSolution
		Debug|Any CPU = Debug|Any CPU
		Release|Any CPU = Release|Any CPU
	EndGlobalSection
	GlobalSection(ProjectConfigurationPlatforms) = postSolution
		{6B1584D9-EBD9-41F1-AA5C-D7E4B50E6A1C}.Debug|Any CPU.ActiveCfg = Debug|Any CPU
		{6B1584D9-EBD9-41F1-AA5C-D7E4B50E6A1C}.Debug|Any CPU.Build.0 = Debug|Any CPU
		{6B1584D9-EBD9-41F1-AA5C-D7E4B50E6A1C}.Release|Any CPU.ActiveCfg = Release|Any CPU
		{6B1584D9-EBD9-41F1-AA5C-D7E4B50E6A1C}.Release|Any CPU.Build.0 = Release|Any CPU
		{8ACF6833-1175-4D10-88A7-4808F2FD8C07}.Debug|Any CPU.ActiveCfg = Debug|Any CPU
		{8ACF6833-1175-4D10-88A7-4808F2FD8C07}.Debug|Any CPU.Build.0 = Debug|Any CPU
		{8ACF6833-1175-4D10-88A7-4808F2FD8C07}.Release|Any CPU.ActiveCfg = Release|Any CPU
		{8ACF6833-1175-4D10-88A7-4808F2FD8C07}.Release|Any CPU.Build.0 = Release|Any CPU
		{36ACAD67-289A-4D53-833F-004DBB1EAEDF}.Debug|Any CPU.ActiveCfg = Debug|Any CPU
		{36ACAD67-289A-4D53-833F-004DBB1EAEDF}.Debug|Any CPU.Build.0 = Debug|Any CPU
		{36ACAD67-289A-4D53-833F-004DBB1EAEDF}.Release|Any CPU.ActiveCfg = Release|Any CPU
		{36ACAD67-289A-4D53-833F-004DBB1EAEDF}.Release|Any CPU.Build.0 = Release|Any CPU
	EndGlobalSection
	GlobalSection(SolutionProperties) = preSolution
		HideSolutionNode = FALSE
	EndGlobalSection
	GlobalSection(ExtensibilityGlobals) = postSolution
		SolutionGuid = {B9004DE3-DB2D-4120-AD9D-99E49113E1A9}
	EndGlobalSection
EndGlobal
